
Microsoft Visual Studio Solution File, Format Version 12.00
# Visual Studio Version 17
VisualStudioVersion = 17.3.32819.101
MinimumVisualStudioVersion = 10.0.40219.1
Project("{FAE04EC0-301F-11D3-BF4B-00C04F79EFBC}") = "eDoc_APP", "eDoc_APP\eDoc_APP.csproj", "{8C3934F0-B50C-4CD0-8D47-145F7A5C6ED2}"
EndProject
Project("{FAE04EC0-301F-11D3-BF4B-00C04F79EFBC}") = "eDoc_API", "eDoc_API\eDoc_API.csproj", "{2BC7AC04-025F-42E3-9014-76F0B727D002}"
EndProject
Project("{FAE04EC0-301F-11D3-BF4B-00C04F79EFBC}") = "eDoc_Core", "eDoc_Core\eDoc_Core.csproj", "{5BE3D356-FDAF-4466-A9C7-31176D101955}"
EndProject
Global
	GlobalSection(SolutionConfigurationPlatforms) = preSolution
		Debug|Any CPU = Debug|Any CPU
		Release|Any CPU = Release|Any CPU
	EndGlobalSection
	GlobalSection(ProjectConfigurationPlatforms) = postSolution
		{8C3934F0-B50C-4CD0-8D47-145F7A5C6ED2}.Debug|Any CPU.ActiveCfg = Debug|Any CPU
		{8C3934F0-B50C-4CD0-8D47-145F7A5C6ED2}.Debug|Any CPU.Build.0 = Debug|Any CPU
		{8C3934F0-B50C-4CD0-8D47-145F7A5C6ED2}.Release|Any CPU.ActiveCfg = Release|Any CPU
		{8C3934F0-B50C-4CD0-8D47-145F7A5C6ED2}.Release|Any CPU.Build.0 = Release|Any CPU
		{2BC7AC04-025F-42E3-9014-76F0B727D002}.Debug|Any CPU.ActiveCfg = Debug|Any CPU
		{2BC7AC04-025F-42E3-9014-76F0B727D002}.Debug|Any CPU.Build.0 = Debug|Any CPU
		{2BC7AC04-025F-42E3-9014-76F0B727D002}.Release|Any CPU.ActiveCfg = Release|Any CPU
		{2BC7AC04-025F-42E3-9014-76F0B727D002}.Release|Any CPU.Build.0 = Release|Any CPU
		{5BE3D356-FDAF-4466-A9C7-31176D101955}.Debug|Any CPU.ActiveCfg = Debug|Any CPU
		{5BE3D356-FDAF-4466-A9C7-31176D101955}.Debug|Any CPU.Build.0 = Debug|Any CPU
		{5BE3D356-FDAF-4466-A9C7-31176D101955}.Release|Any CPU.ActiveCfg = Release|Any CPU
		{5BE3D356-FDAF-4466-A9C7-31176D101955}.Release|Any CPU.Build.0 = Release|Any CPU
	EndGlobalSection
	GlobalSection(SolutionProperties) = preSolution
		HideSolutionNode = FALSE
	EndGlobalSection
	GlobalSection(ExtensibilityGlobals) = postSolution
		SolutionGuid = {EFA6A7E7-0F2D-4D49-8256-96CA9771B217}
	EndGlobalSection
EndGlobal
